# THIS IS AN AUTOGENERATED FILE. DO NOT EDIT THIS FILE DIRECTLY.
# yarn lockfile v1


"amelia@file:src/amelia":
  version "1.0.0"

"amelia@file:src/amelia2":
  version "2.0.0"

"olivia@file:src/olivia":
  version "0.1.0"
  dependencies:
    amelia "file:C:/Users/iris/AppData/Local/Yarn/Cache/v4/npm-olivia-0.1.0-1705e082-f3d1-4980-adad-8bdb49d24eec-1564590684529/node_modules/amelia2"
    oscar "file:C:/Users/iris/AppData/Local/Yarn/Cache/v4/npm-olivia-0.1.0-1705e082-f3d1-4980-adad-8bdb49d24eec-1564590684529/node_modules/oscar"

"oscar@file:src/oscar":
  version "0.1.0"
  dependencies:
    amelia "file:C:/Users/iris/AppData/Local/Yarn/Cache/v4/npm-oscar-0.1.0-1cc19a9d-ba60-4990-bc22-e9bf7f54517d-1564590684530/node_modules/amelia2"
